
Microsoft Visual Studio Solution File, Format Version 12.00
# Visual Studio Version 16
VisualStudioVersion = 16.0.30621.155
MinimumVisualStudioVersion = 10.0.40219.1
Project("{FAE04EC0-301F-11D3-BF4B-00C04F79EFBC}") = "SiteCidadesUsuarios", "SiteCidadesUsuarios\SiteCidadesUsuarios.csproj", "{3BF80507-E43E-4DAA-92A3-41010B8AA099}"
EndProject
Global
	GlobalSection(SolutionConfigurationPlatforms) = preSolution
		Debug|Any CPU = Debug|Any CPU
		Release|Any CPU = Release|Any CPU
	EndGlobalSection
	GlobalSection(ProjectConfigurationPlatforms) = postSolution
		{3BF80507-E43E-4DAA-92A3-41010B8AA099}.Debug|Any CPU.ActiveCfg = Debug|Any CPU
		{3BF80507-E43E-4DAA-92A3-41010B8AA099}.Debug|Any CPU.Build.0 = Debug|Any CPU
		{3BF80507-E43E-4DAA-92A3-41010B8AA099}.Release|Any CPU.ActiveCfg = Release|Any CPU
		{3BF80507-E43E-4DAA-92A3-41010B8AA099}.Release|Any CPU.Build.0 = Release|Any CPU
	EndGlobalSection
	GlobalSection(SolutionProperties) = preSolution
		HideSolutionNode = FALSE
	EndGlobalSection
	GlobalSection(ExtensibilityGlobals) = postSolution
		SolutionGuid = {F63F4480-D46C-43D8-9BDA-CA5CA36EF4F6}
	EndGlobalSection
EndGlobal
